
Microsoft Visual Studio Solution File, Format Version 12.00
# Visual Studio 2012
Project("{FAE04EC0-301F-11D3-BF4B-00C04F79EFBC}") = "Timclock", "Timclock\Timclock.csproj", "{6C63241A-F456-4ED0-AA36-9F3A32547C6E}"
EndProject
Project("{6141683F-8A12-4E36-9623-2EB02B2C2303}") = "Timeclock", "Timeclock\Timeclock.isproj", "{2EE6A088-C2CD-4246-A6EA-E7121F28FD0A}"
EndProject
Global
	GlobalSection(SolutionConfigurationPlatforms) = preSolution
		CD_ROM|Any CPU = CD_ROM|Any CPU
		Debug|Any CPU = Debug|Any CPU
		DVD-5|Any CPU = DVD-5|Any CPU
		Release|Any CPU = Release|Any CPU
		SingleImage|Any CPU = SingleImage|Any CPU
	EndGlobalSection
	GlobalSection(ProjectConfigurationPlatforms) = postSolution
		{6C63241A-F456-4ED0-AA36-9F3A32547C6E}.CD_ROM|Any CPU.ActiveCfg = Release|Any CPU
		{6C63241A-F456-4ED0-AA36-9F3A32547C6E}.CD_ROM|Any CPU.Build.0 = Release|Any CPU
		{6C63241A-F456-4ED0-AA36-9F3A32547C6E}.Debug|Any CPU.ActiveCfg = Debug|Any CPU
		{6C63241A-F456-4ED0-AA36-9F3A32547C6E}.Debug|Any CPU.Build.0 = Debug|Any CPU
		{6C63241A-F456-4ED0-AA36-9F3A32547C6E}.DVD-5|Any CPU.ActiveCfg = Debug|Any CPU
		{6C63241A-F456-4ED0-AA36-9F3A32547C6E}.DVD-5|Any CPU.Build.0 = Debug|Any CPU
		{6C63241A-F456-4ED0-AA36-9F3A32547C6E}.Release|Any CPU.ActiveCfg = Release|Any CPU
		{6C63241A-F456-4ED0-AA36-9F3A32547C6E}.Release|Any CPU.Build.0 = Release|Any CPU
		{6C63241A-F456-4ED0-AA36-9F3A32547C6E}.SingleImage|Any CPU.ActiveCfg = Release|Any CPU
		{6C63241A-F456-4ED0-AA36-9F3A32547C6E}.SingleImage|Any CPU.Build.0 = Release|Any CPU
		{2EE6A088-C2CD-4246-A6EA-E7121F28FD0A}.CD_ROM|Any CPU.ActiveCfg = CD_ROM
		{2EE6A088-C2CD-4246-A6EA-E7121F28FD0A}.CD_ROM|Any CPU.Build.0 = CD_ROM
		{2EE6A088-C2CD-4246-A6EA-E7121F28FD0A}.Debug|Any CPU.ActiveCfg = DVD-5
		{2EE6A088-C2CD-4246-A6EA-E7121F28FD0A}.Debug|Any CPU.Build.0 = DVD-5
		{2EE6A088-C2CD-4246-A6EA-E7121F28FD0A}.DVD-5|Any CPU.ActiveCfg = DVD-5
		{2EE6A088-C2CD-4246-A6EA-E7121F28FD0A}.DVD-5|Any CPU.Build.0 = DVD-5
		{2EE6A088-C2CD-4246-A6EA-E7121F28FD0A}.Release|Any CPU.ActiveCfg = SingleImage
		{2EE6A088-C2CD-4246-A6EA-E7121F28FD0A}.Release|Any CPU.Build.0 = SingleImage
		{2EE6A088-C2CD-4246-A6EA-E7121F28FD0A}.SingleImage|Any CPU.ActiveCfg = SingleImage
		{2EE6A088-C2CD-4246-A6EA-E7121F28FD0A}.SingleImage|Any CPU.Build.0 = SingleImage
	EndGlobalSection
	GlobalSection(SolutionProperties) = preSolution
		HideSolutionNode = FALSE
	EndGlobalSection
EndGlobal
