
Microsoft Visual Studio Solution File, Format Version 12.00
# Visual Studio 2012
Project("{FAE04EC0-301F-11D3-BF4B-00C04F79EFBC}") = "deskapp1", "deskapp1\deskapp1.csproj", "{0CC7E284-F2C5-4E1A-95D7-B7CE38F91E61}"
EndProject
Global
	GlobalSection(SolutionConfigurationPlatforms) = preSolution
		Debug|Any CPU = Debug|Any CPU
		Release|Any CPU = Release|Any CPU
	EndGlobalSection
	GlobalSection(ProjectConfigurationPlatforms) = postSolution
		{0CC7E284-F2C5-4E1A-95D7-B7CE38F91E61}.Debug|Any CPU.ActiveCfg = Debug|Any CPU
		{0CC7E284-F2C5-4E1A-95D7-B7CE38F91E61}.Debug|Any CPU.Build.0 = Debug|Any CPU
		{0CC7E284-F2C5-4E1A-95D7-B7CE38F91E61}.Release|Any CPU.ActiveCfg = Release|Any CPU
		{0CC7E284-F2C5-4E1A-95D7-B7CE38F91E61}.Release|Any CPU.Build.0 = Release|Any CPU
	EndGlobalSection
	GlobalSection(SolutionProperties) = preSolution
		HideSolutionNode = FALSE
	EndGlobalSection
EndGlobal
